Microsoft Visual Studio Solution File, Format Version 12.00
# Visual Studio 2012
Project("{FAE04EC0-301F-11D3-BF4B-00C04F79EFBC}") = "PdEventBus.Tests", "PdEventBus.Tests.csproj", "{A870C9C2-A634-44F6-97ED-0C9AE9480DA2}"
EndProject
Global
	GlobalSection(SolutionConfigurationPlatforms) = preSolution
	Debug|Any CPU = Debug|Any CPU
	ExportDebug|Any CPU = ExportDebug|Any CPU
	ExportRelease|Any CPU = ExportRelease|Any CPU
	EndGlobalSection
	GlobalSection(ProjectConfigurationPlatforms) = postSolution
		{A870C9C2-A634-44F6-97ED-0C9AE9480DA2}.Debug|Any CPU.ActiveCfg = Debug|Any CPU
		{A870C9C2-A634-44F6-97ED-0C9AE9480DA2}.Debug|Any CPU.Build.0 = Debug|Any CPU
		{A870C9C2-A634-44F6-97ED-0C9AE9480DA2}.ExportDebug|Any CPU.ActiveCfg = ExportDebug|Any CPU
		{A870C9C2-A634-44F6-97ED-0C9AE9480DA2}.ExportDebug|Any CPU.Build.0 = ExportDebug|Any CPU
		{A870C9C2-A634-44F6-97ED-0C9AE9480DA2}.ExportRelease|Any CPU.ActiveCfg = ExportRelease|Any CPU
		{A870C9C2-A634-44F6-97ED-0C9AE9480DA2}.ExportRelease|Any CPU.Build.0 = ExportRelease|Any CPU
	EndGlobalSection
EndGlobal
